
Microsoft Visual Studio Solution File, Format Version 12.00
# Visual Studio Version 16
VisualStudioVersion = 16.0.32106.194
MinimumVisualStudioVersion = 10.0.40219.1
Project("{FAE04EC0-301F-11D3-BF4B-00C04F79EFBC}") = "CafeManagement", "CafeManagement\CafeManagement.csproj", "{00AD8B79-228E-477F-B902-B891397146BC}"
EndProject
Global
	GlobalSection(SolutionConfigurationPlatforms) = preSolution
		Debug|Any CPU = Debug|Any CPU
		Release|Any CPU = Release|Any CPU
	EndGlobalSection
	GlobalSection(ProjectConfigurationPlatforms) = postSolution
		{00AD8B79-228E-477F-B902-B891397146BC}.Debug|Any CPU.ActiveCfg = Debug|Any CPU
		{00AD8B79-228E-477F-B902-B891397146BC}.Debug|Any CPU.Build.0 = Debug|Any CPU
		{00AD8B79-228E-477F-B902-B891397146BC}.Release|Any CPU.ActiveCfg = Release|Any CPU
		{00AD8B79-228E-477F-B902-B891397146BC}.Release|Any CPU.Build.0 = Release|Any CPU
	EndGlobalSection
	GlobalSection(SolutionProperties) = preSolution
		HideSolutionNode = FALSE
	EndGlobalSection
	GlobalSection(ExtensibilityGlobals) = postSolution
		SolutionGuid = {F0C4AE59-373F-4F06-89B4-51AFF032F761}
	EndGlobalSection
EndGlobal
